
Microsoft Visual Studio Solution File, Format Version 12.00
# Visual Studio Version 17
VisualStudioVersion = 17.7.34221.43
MinimumVisualStudioVersion = 10.0.40219.1
Project("{9A19103F-16F7-4668-BE54-9A1E7A4F7556}") = "Azure.Health.Data.Dicom.Cast", "Azure.Health.Data.Dicom.Cast\Azure.Health.Data.Dicom.Cast.csproj", "{E3CFC825-D566-491A-9615-F59D2AB8002B}"
EndProject
Project("{2150E333-8FDC-42A3-9474-1A3956D46DE8}") = "Build", "Build", "{88B54E38-25CA-4AE5-A892-9470A0EC892B}"
	ProjectSection(SolutionItems) = preProject
		.editorconfig = .editorconfig
		.gitignore = .gitignore
		.globalconfig = .globalconfig
	EndProjectSection
EndProject
Project("{2150E333-8FDC-42A3-9474-1A3956D46DE8}") = "Templates", "Templates", "{228E3293-57AB-49C1-9BB4-02FCFDF84674}"
	ProjectSection(SolutionItems) = preProject
		Templates\dicom-cast.bicep = Templates\dicom-cast.bicep
	EndProjectSection
EndProject
Global
	GlobalSection(SolutionConfigurationPlatforms) = preSolution
		Debug|Any CPU = Debug|Any CPU
		Release|Any CPU = Release|Any CPU
	EndGlobalSection
	GlobalSection(ProjectConfigurationPlatforms) = postSolution
		{E3CFC825-D566-491A-9615-F59D2AB8002B}.Debug|Any CPU.ActiveCfg = Debug|Any CPU
		{E3CFC825-D566-491A-9615-F59D2AB8002B}.Debug|Any CPU.Build.0 = Debug|Any CPU
		{E3CFC825-D566-491A-9615-F59D2AB8002B}.Release|Any CPU.ActiveCfg = Release|Any CPU
		{E3CFC825-D566-491A-9615-F59D2AB8002B}.Release|Any CPU.Build.0 = Release|Any CPU
	EndGlobalSection
	GlobalSection(SolutionProperties) = preSolution
		HideSolutionNode = FALSE
	EndGlobalSection
	GlobalSection(ExtensibilityGlobals) = postSolution
		SolutionGuid = {093F8E5E-B0CF-4B68-81D7-9B5943CA666B}
	EndGlobalSection
EndGlobal
