
Microsoft Visual Studio Solution File, Format Version 12.00
# Visual Studio Version 17
VisualStudioVersion = 17.3.32901.215
MinimumVisualStudioVersion = 10.0.40219.1
Project("{9A19103F-16F7-4668-BE54-9A1E7A4F7556}") = "HL7Sequencing", "HL7Sequencing\HL7Sequencing.csproj", "{6F63379E-475D-403D-8336-5C37F6BFD016}"
EndProject
Project("{9A19103F-16F7-4668-BE54-9A1E7A4F7556}") = "HL7Sequencing.Test", "HL7Sequencing\HL7Sequencing.Test\HL7Sequencing.Test.csproj", "{FEBA6BBF-E036-4287-AE0D-41501028C193}"
EndProject
Global
	GlobalSection(SolutionConfigurationPlatforms) = preSolution
		Debug|Any CPU = Debug|Any CPU
		Release|Any CPU = Release|Any CPU
	EndGlobalSection
	GlobalSection(ProjectConfigurationPlatforms) = postSolution
		{424D1CF1-78C2-491B-95A5-943D23FA7479}.Debug|Any CPU.ActiveCfg = Debug|Any CPU
		{424D1CF1-78C2-491B-95A5-943D23FA7479}.Debug|Any CPU.Build.0 = Debug|Any CPU
		{424D1CF1-78C2-491B-95A5-943D23FA7479}.Release|Any CPU.ActiveCfg = Release|Any CPU
		{424D1CF1-78C2-491B-95A5-943D23FA7479}.Release|Any CPU.Build.0 = Release|Any CPU
		{36FA4279-E615-4259-B20C-41421DD75028}.Debug|Any CPU.ActiveCfg = Debug|Any CPU
		{36FA4279-E615-4259-B20C-41421DD75028}.Debug|Any CPU.Build.0 = Debug|Any CPU
		{36FA4279-E615-4259-B20C-41421DD75028}.Release|Any CPU.ActiveCfg = Release|Any CPU
		{36FA4279-E615-4259-B20C-41421DD75028}.Release|Any CPU.Build.0 = Release|Any CPU
	EndGlobalSection
	GlobalSection(SolutionProperties) = preSolution
		HideSolutionNode = FALSE
	EndGlobalSection
	GlobalSection(ExtensibilityGlobals) = postSolution
		SolutionGuid = {5DFB9865-20FD-4A53-AB3E-7F2F5A9B57EC}
	EndGlobalSection
EndGlobal
