
Microsoft Visual Studio Solution File, Format Version 12.00
# Visual Studio Version 17
VisualStudioVersion = 17.3.32901.215
MinimumVisualStudioVersion = 10.0.40219.1
Project("{2150E333-8FDC-42A3-9474-1A3956D46DE8}") = "src", "src", "{1EC228C7-5736-4654-A7DD-1948F9CE1280}"
EndProject
Project("{2150E333-8FDC-42A3-9474-1A3956D46DE8}") = "HL7Validation", "HL7Validation", "{EE5D7AAF-8321-44CB-BD43-50FADEC72467}"
EndProject
Project("{9A19103F-16F7-4668-BE54-9A1E7A4F7556}") = "HL7Validation", "src\HL7Validation\HL7Validation\HL7Validation.csproj", "{39DD71C3-2DD8-4DEA-8948-6C63433CC783}"
EndProject
Project("{2150E333-8FDC-42A3-9474-1A3956D46DE8}") = "FHIRPostProcess", "FHIRPostProcess", "{6FF13C53-5062-4887-878B-0CE4919524DA}"
EndProject
Project("{9A19103F-16F7-4668-BE54-9A1E7A4F7556}") = "FHIRPostProcess", "src\FHIRPostProcess\FHIRPostProcess\FHIRPostProcess.csproj", "{03450E26-53D1-48D3-B0F8-79A107C2ABAC}"
EndProject
Project("{9A19103F-16F7-4668-BE54-9A1E7A4F7556}") = "FHIRPostProcess.Tests", "src\FHIRPostProcess\FHIRPostProcess.Tests\FHIRPostProcess.Tests.csproj", "{CB4A4499-41B9-437A-8341-6A3753DCD0EE}"
EndProject
Project("{9A19103F-16F7-4668-BE54-9A1E7A4F7556}") = "HL7Validation.Test", "src\HL7Validation\HL7Validation.Test\HL7Validation.Test.csproj", "{66D4FEE6-E2E6-4728-B651-CF2DD667D81B}"
EndProject
Project("{2150E333-8FDC-42A3-9474-1A3956D46DE8}") = "UploadFhirJson", "UploadFhirJson", "{08BC81F3-A022-4D23-93A1-2479C1617C07}"
EndProject
Project("{9A19103F-16F7-4668-BE54-9A1E7A4F7556}") = "UploadFhirJson", "UploadFhirJson\UploadFhirJson.csproj", "{F467199E-85AB-42DF-84FB-D21DC29B08C6}"
EndProject
Project("{2150E333-8FDC-42A3-9474-1A3956D46DE8}") = "HL7Converter", "HL7Converter", "{F2037272-1638-46D8-9AF9-107C27076454}"
EndProject
Project("{FAE04EC0-301F-11D3-BF4B-00C04F79EFBC}") = "HL7Converter", "HL7Converter\HL7Converter.csproj", "{E676A620-A66B-4F4C-BEFC-597050A6C9EE}"
EndProject
Global
	GlobalSection(SolutionConfigurationPlatforms) = preSolution
		Debug|Any CPU = Debug|Any CPU
		Release|Any CPU = Release|Any CPU
	EndGlobalSection
	GlobalSection(ProjectConfigurationPlatforms) = postSolution
		{39DD71C3-2DD8-4DEA-8948-6C63433CC783}.Debug|Any CPU.ActiveCfg = Debug|Any CPU
		{39DD71C3-2DD8-4DEA-8948-6C63433CC783}.Debug|Any CPU.Build.0 = Debug|Any CPU
		{39DD71C3-2DD8-4DEA-8948-6C63433CC783}.Release|Any CPU.ActiveCfg = Release|Any CPU
		{39DD71C3-2DD8-4DEA-8948-6C63433CC783}.Release|Any CPU.Build.0 = Release|Any CPU
		{03450E26-53D1-48D3-B0F8-79A107C2ABAC}.Debug|Any CPU.ActiveCfg = Debug|Any CPU
		{03450E26-53D1-48D3-B0F8-79A107C2ABAC}.Debug|Any CPU.Build.0 = Debug|Any CPU
		{03450E26-53D1-48D3-B0F8-79A107C2ABAC}.Release|Any CPU.ActiveCfg = Release|Any CPU
		{03450E26-53D1-48D3-B0F8-79A107C2ABAC}.Release|Any CPU.Build.0 = Release|Any CPU
		{CB4A4499-41B9-437A-8341-6A3753DCD0EE}.Debug|Any CPU.ActiveCfg = Debug|Any CPU
		{CB4A4499-41B9-437A-8341-6A3753DCD0EE}.Debug|Any CPU.Build.0 = Debug|Any CPU
		{CB4A4499-41B9-437A-8341-6A3753DCD0EE}.Release|Any CPU.ActiveCfg = Release|Any CPU
		{CB4A4499-41B9-437A-8341-6A3753DCD0EE}.Release|Any CPU.Build.0 = Release|Any CPU
		{66D4FEE6-E2E6-4728-B651-CF2DD667D81B}.Debug|Any CPU.ActiveCfg = Debug|Any CPU
		{66D4FEE6-E2E6-4728-B651-CF2DD667D81B}.Debug|Any CPU.Build.0 = Debug|Any CPU
		{66D4FEE6-E2E6-4728-B651-CF2DD667D81B}.Release|Any CPU.ActiveCfg = Release|Any CPU
		{66D4FEE6-E2E6-4728-B651-CF2DD667D81B}.Release|Any CPU.Build.0 = Release|Any CPU
		{F467199E-85AB-42DF-84FB-D21DC29B08C6}.Debug|Any CPU.ActiveCfg = Debug|Any CPU
		{F467199E-85AB-42DF-84FB-D21DC29B08C6}.Debug|Any CPU.Build.0 = Debug|Any CPU
		{F467199E-85AB-42DF-84FB-D21DC29B08C6}.Release|Any CPU.ActiveCfg = Release|Any CPU
		{F467199E-85AB-42DF-84FB-D21DC29B08C6}.Release|Any CPU.Build.0 = Release|Any CPU
		{E676A620-A66B-4F4C-BEFC-597050A6C9EE}.Debug|Any CPU.ActiveCfg = Debug|Any CPU
		{E676A620-A66B-4F4C-BEFC-597050A6C9EE}.Debug|Any CPU.Build.0 = Debug|Any CPU
		{E676A620-A66B-4F4C-BEFC-597050A6C9EE}.Release|Any CPU.ActiveCfg = Release|Any CPU
		{E676A620-A66B-4F4C-BEFC-597050A6C9EE}.Release|Any CPU.Build.0 = Release|Any CPU
	EndGlobalSection
	GlobalSection(SolutionProperties) = preSolution
		HideSolutionNode = FALSE
	EndGlobalSection
	GlobalSection(NestedProjects) = preSolution
		{EE5D7AAF-8321-44CB-BD43-50FADEC72467} = {1EC228C7-5736-4654-A7DD-1948F9CE1280}
		{39DD71C3-2DD8-4DEA-8948-6C63433CC783} = {EE5D7AAF-8321-44CB-BD43-50FADEC72467}
		{6FF13C53-5062-4887-878B-0CE4919524DA} = {1EC228C7-5736-4654-A7DD-1948F9CE1280}
		{03450E26-53D1-48D3-B0F8-79A107C2ABAC} = {6FF13C53-5062-4887-878B-0CE4919524DA}
		{CB4A4499-41B9-437A-8341-6A3753DCD0EE} = {6FF13C53-5062-4887-878B-0CE4919524DA}
		{66D4FEE6-E2E6-4728-B651-CF2DD667D81B} = {EE5D7AAF-8321-44CB-BD43-50FADEC72467}
		{08BC81F3-A022-4D23-93A1-2479C1617C07} = {1EC228C7-5736-4654-A7DD-1948F9CE1280}
		{F467199E-85AB-42DF-84FB-D21DC29B08C6} = {08BC81F3-A022-4D23-93A1-2479C1617C07}
		{F2037272-1638-46D8-9AF9-107C27076454} = {1EC228C7-5736-4654-A7DD-1948F9CE1280}
		{E676A620-A66B-4F4C-BEFC-597050A6C9EE} = {F2037272-1638-46D8-9AF9-107C27076454}
	EndGlobalSection
	GlobalSection(ExtensibilityGlobals) = postSolution
		SolutionGuid = {9BB54784-10C7-48F1-9921-8B195044C57B}
	EndGlobalSection
EndGlobal
