
Microsoft Visual Studio Solution File, Format Version 12.00
# Visual Studio Version 17
VisualStudioVersion = 17.3.32901.215
MinimumVisualStudioVersion = 10.0.40219.1
Project("{2150E333-8FDC-42A3-9474-1A3956D46DE8}") = "src", "src", "{1EC228C7-5736-4654-A7DD-1948F9CE1280}"
EndProject
Project("{2150E333-8FDC-42A3-9474-1A3956D46DE8}") = "HL7Validation", "HL7Validation", "{EE5D7AAF-8321-44CB-BD43-50FADEC72467}"
EndProject
Project("{9A19103F-16F7-4668-BE54-9A1E7A4F7556}") = "HL7Validation", "src\HL7Validation\HL7Validation\HL7Validation.csproj", "{39DD71C3-2DD8-4DEA-8948-6C63433CC783}"
EndProject
Project("{2150E333-8FDC-42A3-9474-1A3956D46DE8}") = "FHIRPostProcess", "FHIRPostProcess", "{6FF13C53-5062-4887-878B-0CE4919524DA}"
EndProject
Project("{9A19103F-16F7-4668-BE54-9A1E7A4F7556}") = "FHIRPostProcess", "src\FHIRPostProcess\FHIRPostProcess\FHIRPostProcess.csproj", "{03450E26-53D1-48D3-B0F8-79A107C2ABAC}"
EndProject
Project("{9A19103F-16F7-4668-BE54-9A1E7A4F7556}") = "HL7Validation.Test", "src\HL7Validation\HL7Validation.Test\HL7Validation.Test.csproj", "{66D4FEE6-E2E6-4728-B651-CF2DD667D81B}"
EndProject
Project("{2150E333-8FDC-42A3-9474-1A3956D46DE8}") = "UploadFhirJson", "UploadFhirJson", "{08BC81F3-A022-4D23-93A1-2479C1617C07}"
EndProject
Project("{2150E333-8FDC-42A3-9474-1A3956D46DE8}") = "HL7Converter", "HL7Converter", "{F2037272-1638-46D8-9AF9-107C27076454}"
EndProject
Project("{2150E333-8FDC-42A3-9474-1A3956D46DE8}") = "HL7Sequencing", "HL7Sequencing", "{34BB0876-9BF1-4614-AF0A-FB1760404435}"
EndProject
Project("{9A19103F-16F7-4668-BE54-9A1E7A4F7556}") = "FHIRPostProcess.Test", "src\FHIRPostProcess\FHIRPostProcess.Test\FHIRPostProcess.Test.csproj", "{797C0565-EB33-48DF-B4F9-BDDBE6B94A2A}"
EndProject
Project("{9A19103F-16F7-4668-BE54-9A1E7A4F7556}") = "HL7Converter", "src\Hl7Converter\Hl7Converter\HL7Converter.csproj", "{762B13F7-3DC9-4605-97FA-F5AA1ED8756D}"
EndProject
Project("{9A19103F-16F7-4668-BE54-9A1E7A4F7556}") = "HL7Converter.Test", "src\Hl7Converter\HL7Converter.Test\HL7Converter.Test.csproj", "{3B8B75FD-8974-4CDB-BD50-85DF14D594D9}"
EndProject
Project("{9A19103F-16F7-4668-BE54-9A1E7A4F7556}") = "HL7Sequencing", "src\HL7Sequencing\HL7Sequencing\HL7Sequencing.csproj", "{6280FD05-4770-4DF1-915B-D51C31A28533}"
EndProject
Project("{9A19103F-16F7-4668-BE54-9A1E7A4F7556}") = "HL7Sequencing.Test", "src\HL7Sequencing\HL7Sequencing.Test\HL7Sequencing.Test.csproj", "{1CC6B9B0-7D4A-492D-ADB2-2EF3457550DC}"
EndProject
Project("{9A19103F-16F7-4668-BE54-9A1E7A4F7556}") = "UploadFhirJson", "src\UploadFhirJosn\UploadFhirJosn\UploadFhirJson.csproj", "{CA2A461B-AF92-4676-82DB-2779BD9424BE}"
EndProject
Project("{9A19103F-16F7-4668-BE54-9A1E7A4F7556}") = "UploadFhirJson.Test", "src\UploadFhirJosn\UploadFhirJson.Test\UploadFhirJson.Test.csproj", "{C86ECA1F-C3A3-4FCF-BBA9-EC605A34D1E6}"
EndProject
Global
	GlobalSection(SolutionConfigurationPlatforms) = preSolution
		Debug|Any CPU = Debug|Any CPU
		Release|Any CPU = Release|Any CPU
	EndGlobalSection
	GlobalSection(ProjectConfigurationPlatforms) = postSolution
		{39DD71C3-2DD8-4DEA-8948-6C63433CC783}.Debug|Any CPU.ActiveCfg = Debug|Any CPU
		{39DD71C3-2DD8-4DEA-8948-6C63433CC783}.Debug|Any CPU.Build.0 = Debug|Any CPU
		{39DD71C3-2DD8-4DEA-8948-6C63433CC783}.Release|Any CPU.ActiveCfg = Release|Any CPU
		{39DD71C3-2DD8-4DEA-8948-6C63433CC783}.Release|Any CPU.Build.0 = Release|Any CPU
		{03450E26-53D1-48D3-B0F8-79A107C2ABAC}.Debug|Any CPU.ActiveCfg = Debug|Any CPU
		{03450E26-53D1-48D3-B0F8-79A107C2ABAC}.Debug|Any CPU.Build.0 = Debug|Any CPU
		{03450E26-53D1-48D3-B0F8-79A107C2ABAC}.Release|Any CPU.ActiveCfg = Release|Any CPU
		{03450E26-53D1-48D3-B0F8-79A107C2ABAC}.Release|Any CPU.Build.0 = Release|Any CPU
		{66D4FEE6-E2E6-4728-B651-CF2DD667D81B}.Debug|Any CPU.ActiveCfg = Debug|Any CPU
		{66D4FEE6-E2E6-4728-B651-CF2DD667D81B}.Debug|Any CPU.Build.0 = Debug|Any CPU
		{66D4FEE6-E2E6-4728-B651-CF2DD667D81B}.Release|Any CPU.ActiveCfg = Release|Any CPU
		{66D4FEE6-E2E6-4728-B651-CF2DD667D81B}.Release|Any CPU.Build.0 = Release|Any CPU
		{797C0565-EB33-48DF-B4F9-BDDBE6B94A2A}.Debug|Any CPU.ActiveCfg = Debug|Any CPU
		{797C0565-EB33-48DF-B4F9-BDDBE6B94A2A}.Debug|Any CPU.Build.0 = Debug|Any CPU
		{797C0565-EB33-48DF-B4F9-BDDBE6B94A2A}.Release|Any CPU.ActiveCfg = Release|Any CPU
		{797C0565-EB33-48DF-B4F9-BDDBE6B94A2A}.Release|Any CPU.Build.0 = Release|Any CPU
		{762B13F7-3DC9-4605-97FA-F5AA1ED8756D}.Debug|Any CPU.ActiveCfg = Debug|Any CPU
		{762B13F7-3DC9-4605-97FA-F5AA1ED8756D}.Debug|Any CPU.Build.0 = Debug|Any CPU
		{762B13F7-3DC9-4605-97FA-F5AA1ED8756D}.Release|Any CPU.ActiveCfg = Release|Any CPU
		{762B13F7-3DC9-4605-97FA-F5AA1ED8756D}.Release|Any CPU.Build.0 = Release|Any CPU
		{3B8B75FD-8974-4CDB-BD50-85DF14D594D9}.Debug|Any CPU.ActiveCfg = Debug|Any CPU
		{3B8B75FD-8974-4CDB-BD50-85DF14D594D9}.Debug|Any CPU.Build.0 = Debug|Any CPU
		{3B8B75FD-8974-4CDB-BD50-85DF14D594D9}.Release|Any CPU.ActiveCfg = Release|Any CPU
		{3B8B75FD-8974-4CDB-BD50-85DF14D594D9}.Release|Any CPU.Build.0 = Release|Any CPU
		{6280FD05-4770-4DF1-915B-D51C31A28533}.Debug|Any CPU.ActiveCfg = Debug|Any CPU
		{6280FD05-4770-4DF1-915B-D51C31A28533}.Debug|Any CPU.Build.0 = Debug|Any CPU
		{6280FD05-4770-4DF1-915B-D51C31A28533}.Release|Any CPU.ActiveCfg = Release|Any CPU
		{6280FD05-4770-4DF1-915B-D51C31A28533}.Release|Any CPU.Build.0 = Release|Any CPU
		{1CC6B9B0-7D4A-492D-ADB2-2EF3457550DC}.Debug|Any CPU.ActiveCfg = Debug|Any CPU
		{1CC6B9B0-7D4A-492D-ADB2-2EF3457550DC}.Debug|Any CPU.Build.0 = Debug|Any CPU
		{1CC6B9B0-7D4A-492D-ADB2-2EF3457550DC}.Release|Any CPU.ActiveCfg = Release|Any CPU
		{1CC6B9B0-7D4A-492D-ADB2-2EF3457550DC}.Release|Any CPU.Build.0 = Release|Any CPU
		{CA2A461B-AF92-4676-82DB-2779BD9424BE}.Debug|Any CPU.ActiveCfg = Debug|Any CPU
		{CA2A461B-AF92-4676-82DB-2779BD9424BE}.Debug|Any CPU.Build.0 = Debug|Any CPU
		{CA2A461B-AF92-4676-82DB-2779BD9424BE}.Release|Any CPU.ActiveCfg = Release|Any CPU
		{CA2A461B-AF92-4676-82DB-2779BD9424BE}.Release|Any CPU.Build.0 = Release|Any CPU
		{C86ECA1F-C3A3-4FCF-BBA9-EC605A34D1E6}.Debug|Any CPU.ActiveCfg = Debug|Any CPU
		{C86ECA1F-C3A3-4FCF-BBA9-EC605A34D1E6}.Debug|Any CPU.Build.0 = Debug|Any CPU
		{C86ECA1F-C3A3-4FCF-BBA9-EC605A34D1E6}.Release|Any CPU.ActiveCfg = Release|Any CPU
		{C86ECA1F-C3A3-4FCF-BBA9-EC605A34D1E6}.Release|Any CPU.Build.0 = Release|Any CPU
	EndGlobalSection
	GlobalSection(SolutionProperties) = preSolution
		HideSolutionNode = FALSE
	EndGlobalSection
	GlobalSection(NestedProjects) = preSolution
		{EE5D7AAF-8321-44CB-BD43-50FADEC72467} = {1EC228C7-5736-4654-A7DD-1948F9CE1280}
		{39DD71C3-2DD8-4DEA-8948-6C63433CC783} = {EE5D7AAF-8321-44CB-BD43-50FADEC72467}
		{6FF13C53-5062-4887-878B-0CE4919524DA} = {1EC228C7-5736-4654-A7DD-1948F9CE1280}
		{03450E26-53D1-48D3-B0F8-79A107C2ABAC} = {6FF13C53-5062-4887-878B-0CE4919524DA}
		{66D4FEE6-E2E6-4728-B651-CF2DD667D81B} = {EE5D7AAF-8321-44CB-BD43-50FADEC72467}
		{08BC81F3-A022-4D23-93A1-2479C1617C07} = {1EC228C7-5736-4654-A7DD-1948F9CE1280}
		{F2037272-1638-46D8-9AF9-107C27076454} = {1EC228C7-5736-4654-A7DD-1948F9CE1280}
		{34BB0876-9BF1-4614-AF0A-FB1760404435} = {1EC228C7-5736-4654-A7DD-1948F9CE1280}
		{797C0565-EB33-48DF-B4F9-BDDBE6B94A2A} = {6FF13C53-5062-4887-878B-0CE4919524DA}
		{762B13F7-3DC9-4605-97FA-F5AA1ED8756D} = {F2037272-1638-46D8-9AF9-107C27076454}
		{3B8B75FD-8974-4CDB-BD50-85DF14D594D9} = {F2037272-1638-46D8-9AF9-107C27076454}
		{6280FD05-4770-4DF1-915B-D51C31A28533} = {34BB0876-9BF1-4614-AF0A-FB1760404435}
		{1CC6B9B0-7D4A-492D-ADB2-2EF3457550DC} = {34BB0876-9BF1-4614-AF0A-FB1760404435}
		{CA2A461B-AF92-4676-82DB-2779BD9424BE} = {08BC81F3-A022-4D23-93A1-2479C1617C07}
		{C86ECA1F-C3A3-4FCF-BBA9-EC605A34D1E6} = {08BC81F3-A022-4D23-93A1-2479C1617C07}
	EndGlobalSection
	GlobalSection(ExtensibilityGlobals) = postSolution
		SolutionGuid = {9BB54784-10C7-48F1-9921-8B195044C57B}
	EndGlobalSection
EndGlobal
