Microsoft Visual Studio Solution File, Format Version 12.00
# Visual Studio Version 17
VisualStudioVersion = 17.5.2.0
MinimumVisualStudioVersion = 10.0.40219.1
Project("{FAE04EC0-301F-11D3-BF4B-00C04F79EFBC}") = "SMARTCustomOperations.AzureAuth", "SMARTCustomOperations.AzureAuth.csproj", "{726AB32F-EB24-494C-B14A-76E34BF646C0}"
EndProject
Global
	GlobalSection(SolutionConfigurationPlatforms) = preSolution
		Debug|Any CPU = Debug|Any CPU
		Release|Any CPU = Release|Any CPU
	EndGlobalSection
	GlobalSection(ProjectConfigurationPlatforms) = postSolution
		{726AB32F-EB24-494C-B14A-76E34BF646C0}.Debug|Any CPU.ActiveCfg = Debug|Any CPU
		{726AB32F-EB24-494C-B14A-76E34BF646C0}.Debug|Any CPU.Build.0 = Debug|Any CPU
		{726AB32F-EB24-494C-B14A-76E34BF646C0}.Release|Any CPU.ActiveCfg = Release|Any CPU
		{726AB32F-EB24-494C-B14A-76E34BF646C0}.Release|Any CPU.Build.0 = Release|Any CPU
	EndGlobalSection
	GlobalSection(SolutionProperties) = preSolution
		HideSolutionNode = FALSE
	EndGlobalSection
	GlobalSection(ExtensibilityGlobals) = postSolution
		SolutionGuid = {FFEEBB9D-75ED-4F6C-94BC-D5AA846149FB}
	EndGlobalSection
EndGlobal
