
Microsoft Visual Studio Solution File, Format Version 12.00
# Visual Studio Version 17
VisualStudioVersion = 17.12.35514.174 d17.12
MinimumVisualStudioVersion = 10.0.40219.1
Project("{FAE04EC0-301F-11D3-BF4B-00C04F79EFBC}") = "ClientApplication", "ClientApplication.csproj", "{B670C191-D1AD-4C83-95D2-FE60FC41E46B}"
EndProject
Global
	GlobalSection(SolutionConfigurationPlatforms) = preSolution
		Debug|Any CPU = Debug|Any CPU
		Release|Any CPU = Release|Any CPU
	EndGlobalSection
	GlobalSection(ProjectConfigurationPlatforms) = postSolution
		{B670C191-D1AD-4C83-95D2-FE60FC41E46B}.Debug|Any CPU.ActiveCfg = Debug|Any CPU
		{B670C191-D1AD-4C83-95D2-FE60FC41E46B}.Debug|Any CPU.Build.0 = Debug|Any CPU
		{B670C191-D1AD-4C83-95D2-FE60FC41E46B}.Release|Any CPU.ActiveCfg = Release|Any CPU
		{B670C191-D1AD-4C83-95D2-FE60FC41E46B}.Release|Any CPU.Build.0 = Release|Any CPU
	EndGlobalSection
	GlobalSection(SolutionProperties) = preSolution
		HideSolutionNode = FALSE
	EndGlobalSection
EndGlobal
