Microsoft Visual Studio Solution File, Format Version 12.00
# Visual Studio Version 17
VisualStudioVersion = 17.5.2.0
MinimumVisualStudioVersion = 10.0.40219.1
Project("{FAE04EC0-301F-11D3-BF4B-00C04F79EFBC}") = "SmartOnFhirDemo", "SmartOnFhirDemo.csproj", "{EFA68264-C801-728C-CC3B-52C429C4964B}"
EndProject
Project("{FAE04EC0-301F-11D3-BF4B-00C04F79EFBC}") = "OktaSmartBackend.TokenClient", "..\OktaSmartBackend.TokenClient\OktaSmartBackend.TokenClient.csproj", "{A1B2C3D4-E5F6-7890-ABCD-111111111111}"
EndProject
Global
	GlobalSection(SolutionConfigurationPlatforms) = preSolution
		Debug|Any CPU = Debug|Any CPU
		Release|Any CPU = Release|Any CPU
	EndGlobalSection
	GlobalSection(ProjectConfigurationPlatforms) = postSolution
		{EFA68264-C801-728C-CC3B-52C429C4964B}.Debug|Any CPU.ActiveCfg = Debug|Any CPU
		{EFA68264-C801-728C-CC3B-52C429C4964B}.Debug|Any CPU.Build.0 = Debug|Any CPU
		{EFA68264-C801-728C-CC3B-52C429C4964B}.Release|Any CPU.ActiveCfg = Release|Any CPU
		{EFA68264-C801-728C-CC3B-52C429C4964B}.Release|Any CPU.Build.0 = Release|Any CPU
		{A1B2C3D4-E5F6-7890-ABCD-111111111111}.Debug|Any CPU.ActiveCfg = Debug|Any CPU
		{A1B2C3D4-E5F6-7890-ABCD-111111111111}.Debug|Any CPU.Build.0 = Debug|Any CPU
		{A1B2C3D4-E5F6-7890-ABCD-111111111111}.Release|Any CPU.ActiveCfg = Release|Any CPU
		{A1B2C3D4-E5F6-7890-ABCD-111111111111}.Release|Any CPU.Build.0 = Release|Any CPU
	EndGlobalSection
	GlobalSection(SolutionProperties) = preSolution
		HideSolutionNode = FALSE
	EndGlobalSection
	GlobalSection(ExtensibilityGlobals) = postSolution
		SolutionGuid = {FC423E1E-1D6E-4C31-8629-EE7EBD149E54}
	EndGlobalSection
EndGlobal
