
Microsoft Visual Studio Solution File, Format Version 12.00
# Visual Studio Version 17
VisualStudioVersion = 17.2.32616.157
MinimumVisualStudioVersion = 10.0.40219.1
Project("{9A19103F-16F7-4668-BE54-9A1E7A4F7556}") = "FHIRPostProcess", "FHIRPostProcess\FHIRPostProcess.csproj", "{569651D9-6E3B-4ACB-8180-72E38460379D}"
EndProject
Project("{FAE04EC0-301F-11D3-BF4B-00C04F79EFBC}") = "FHIRPostProcess.Tests", "FHIRPostProcess.Tests\FHIRPostProcess.Tests.csproj", "{234F6D1D-6207-41F9-A6FD-37B9CBEAFF16}"
EndProject
Global
	GlobalSection(SolutionConfigurationPlatforms) = preSolution
		Debug|Any CPU = Debug|Any CPU
		Release|Any CPU = Release|Any CPU
	EndGlobalSection
	GlobalSection(ProjectConfigurationPlatforms) = postSolution
		{569651D9-6E3B-4ACB-8180-72E38460379D}.Debug|Any CPU.ActiveCfg = Debug|Any CPU
		{569651D9-6E3B-4ACB-8180-72E38460379D}.Debug|Any CPU.Build.0 = Debug|Any CPU
		{569651D9-6E3B-4ACB-8180-72E38460379D}.Release|Any CPU.ActiveCfg = Release|Any CPU
		{569651D9-6E3B-4ACB-8180-72E38460379D}.Release|Any CPU.Build.0 = Release|Any CPU
		{234F6D1D-6207-41F9-A6FD-37B9CBEAFF16}.Debug|Any CPU.ActiveCfg = Debug|Any CPU
		{234F6D1D-6207-41F9-A6FD-37B9CBEAFF16}.Debug|Any CPU.Build.0 = Debug|Any CPU
		{234F6D1D-6207-41F9-A6FD-37B9CBEAFF16}.Release|Any CPU.ActiveCfg = Release|Any CPU
		{234F6D1D-6207-41F9-A6FD-37B9CBEAFF16}.Release|Any CPU.Build.0 = Release|Any CPU
	EndGlobalSection
	GlobalSection(SolutionProperties) = preSolution
		HideSolutionNode = FALSE
	EndGlobalSection
	GlobalSection(ExtensibilityGlobals) = postSolution
		SolutionGuid = {172CC732-CF74-4525-B273-4C5720D95D43}
	EndGlobalSection
EndGlobal
